
Microsoft Visual Studio Solution File, Format Version 11.00
# Visual Studio 2010
Project("{FAE04EC0-301F-11D3-BF4B-00C04F79EFBC}") = "UnityEngine.UI", "UnityEngine.UI.csproj", "{cbfc791c-80a4-d43d-6f87-bbb2f3ff93e3}"
EndProject
Project("{FAE04EC0-301F-11D3-BF4B-00C04F79EFBC}") = "Unity.Timeline", "Unity.Timeline.csproj", "{26b41e02-8aeb-e210-167b-938ab8ad08cf}"
EndProject
Project("{FAE04EC0-301F-11D3-BF4B-00C04F79EFBC}") = "Assembly-CSharp", "Assembly-CSharp.csproj", "{7b0888e7-f40d-082f-c66c-8f81073040f0}"
EndProject
Project("{FAE04EC0-301F-11D3-BF4B-00C04F79EFBC}") = "Unity.TextMeshPro", "Unity.TextMeshPro.csproj", "{84efce12-a807-5884-38cd-6dbe32947c20}"
EndProject
Project("{FAE04EC0-301F-11D3-BF4B-00C04F79EFBC}") = "sc8di.tools", "sc8di.tools.csproj", "{85b1f0c5-9eab-6e93-fdce-1c71dffa3f29}"
EndProject
Project("{FAE04EC0-301F-11D3-BF4B-00C04F79EFBC}") = "Unity.InputSystem", "Unity.InputSystem.csproj", "{18265ffe-6be9-b46c-6895-6ac15c1127ea}"
EndProject
Project("{FAE04EC0-301F-11D3-BF4B-00C04F79EFBC}") = "Unity.Timeline.Editor", "Unity.Timeline.Editor.csproj", "{16604dd1-87cc-518f-ce96-c83a44d35fc0}"
EndProject
Project("{FAE04EC0-301F-11D3-BF4B-00C04F79EFBC}") = "UnityEditor.UI", "UnityEditor.UI.csproj", "{6ea44392-c897-7a2a-0bb6-210c9f171bb1}"
EndProject
Project("{FAE04EC0-301F-11D3-BF4B-00C04F79EFBC}") = "Unity.TextMeshPro.Editor", "Unity.TextMeshPro.Editor.csproj", "{b844c9af-94b8-2c4f-6530-5cb2b1722362}"
EndProject
Project("{FAE04EC0-301F-11D3-BF4B-00C04F79EFBC}") = "Unity.Rider.Editor", "Unity.Rider.Editor.csproj", "{48d15898-641e-fd9d-9931-0efc95e268be}"
EndProject
Project("{FAE04EC0-301F-11D3-BF4B-00C04F79EFBC}") = "Assembly-CSharp-Editor", "Assembly-CSharp-Editor.csproj", "{10e69db0-aa33-12cd-d2de-d609072fa133}"
EndProject
Project("{FAE04EC0-301F-11D3-BF4B-00C04F79EFBC}") = "Unity.2D.Sprite.Editor", "Unity.2D.Sprite.Editor.csproj", "{39d4cb03-5865-b7fc-3dab-84fa7367e988}"
EndProject
Project("{FAE04EC0-301F-11D3-BF4B-00C04F79EFBC}") = "Unity.2D.Tilemap.Editor", "Unity.2D.Tilemap.Editor.csproj", "{086cb86d-3176-13b9-fce8-3ac1c8c80197}"
EndProject
Project("{FAE04EC0-301F-11D3-BF4B-00C04F79EFBC}") = "Unity.2D.Sprite.Package.EditorTests", "Unity.2D.Sprite.Package.EditorTests.csproj", "{349aee2d-8a9b-afc1-c4ea-3878f4fe29f0}"
EndProject
Project("{FAE04EC0-301F-11D3-BF4B-00C04F79EFBC}") = "Unity.TextMeshPro.Editor.Tests", "Unity.TextMeshPro.Editor.Tests.csproj", "{63609de7-a3ed-3940-5f24-468bd923f52e}"
EndProject
Project("{FAE04EC0-301F-11D3-BF4B-00C04F79EFBC}") = "DocCodeExamples", "DocCodeExamples.csproj", "{b5243f56-cf7f-e263-f6cc-45ee9e23ca23}"
EndProject
Project("{FAE04EC0-301F-11D3-BF4B-00C04F79EFBC}") = "UnityEngine.UI.Tests", "UnityEngine.UI.Tests.csproj", "{270af20d-218c-763c-0981-958156836917}"
EndProject
Project("{FAE04EC0-301F-11D3-BF4B-00C04F79EFBC}") = "Unity.InputSystem.IntegrationTests", "Unity.InputSystem.IntegrationTests.csproj", "{0f95ab7d-75ec-509e-2384-9b198c1a2f40}"
EndProject
Project("{FAE04EC0-301F-11D3-BF4B-00C04F79EFBC}") = "Unity.TextMeshPro.Tests", "Unity.TextMeshPro.Tests.csproj", "{bd3c7acb-78d4-021f-8424-0fb682b2cc86}"
EndProject
Project("{FAE04EC0-301F-11D3-BF4B-00C04F79EFBC}") = "UnityEditor.UI.EditorTests", "UnityEditor.UI.EditorTests.csproj", "{015b924b-a7b2-2186-800b-a8bf5d671062}"
EndProject
Project("{FAE04EC0-301F-11D3-BF4B-00C04F79EFBC}") = "Unity.2D.Tilemap.Package.EditorTests", "Unity.2D.Tilemap.Package.EditorTests.csproj", "{4d238f26-af65-e7ee-565f-b5a6b1d861db}"
EndProject
Project("{FAE04EC0-301F-11D3-BF4B-00C04F79EFBC}") = "Unity.InputSystem.TestFramework", "Unity.InputSystem.TestFramework.csproj", "{6465897f-c291-e547-7eaa-4ce0631bb4a2}"
EndProject
Global
	GlobalSection(SolutionConfigurationPlatforms) = preSolution
		Debug|Any CPU = Debug|Any CPU
	EndGlobalSection
	GlobalSection(ProjectConfigurationPlatforms) = postSolution
		{cbfc791c-80a4-d43d-6f87-bbb2f3ff93e3}.Debug|Any CPU.ActiveCfg = Debug|Any CPU
		{cbfc791c-80a4-d43d-6f87-bbb2f3ff93e3}.Debug|Any CPU.Build.0 = Debug|Any CPU
		{26b41e02-8aeb-e210-167b-938ab8ad08cf}.Debug|Any CPU.ActiveCfg = Debug|Any CPU
		{26b41e02-8aeb-e210-167b-938ab8ad08cf}.Debug|Any CPU.Build.0 = Debug|Any CPU
		{7b0888e7-f40d-082f-c66c-8f81073040f0}.Debug|Any CPU.ActiveCfg = Debug|Any CPU
		{7b0888e7-f40d-082f-c66c-8f81073040f0}.Debug|Any CPU.Build.0 = Debug|Any CPU
		{84efce12-a807-5884-38cd-6dbe32947c20}.Debug|Any CPU.ActiveCfg = Debug|Any CPU
		{84efce12-a807-5884-38cd-6dbe32947c20}.Debug|Any CPU.Build.0 = Debug|Any CPU
		{85b1f0c5-9eab-6e93-fdce-1c71dffa3f29}.Debug|Any CPU.ActiveCfg = Debug|Any CPU
		{85b1f0c5-9eab-6e93-fdce-1c71dffa3f29}.Debug|Any CPU.Build.0 = Debug|Any CPU
		{18265ffe-6be9-b46c-6895-6ac15c1127ea}.Debug|Any CPU.ActiveCfg = Debug|Any CPU
		{18265ffe-6be9-b46c-6895-6ac15c1127ea}.Debug|Any CPU.Build.0 = Debug|Any CPU
		{16604dd1-87cc-518f-ce96-c83a44d35fc0}.Debug|Any CPU.ActiveCfg = Debug|Any CPU
		{16604dd1-87cc-518f-ce96-c83a44d35fc0}.Debug|Any CPU.Build.0 = Debug|Any CPU
		{6ea44392-c897-7a2a-0bb6-210c9f171bb1}.Debug|Any CPU.ActiveCfg = Debug|Any CPU
		{6ea44392-c897-7a2a-0bb6-210c9f171bb1}.Debug|Any CPU.Build.0 = Debug|Any CPU
		{b844c9af-94b8-2c4f-6530-5cb2b1722362}.Debug|Any CPU.ActiveCfg = Debug|Any CPU
		{b844c9af-94b8-2c4f-6530-5cb2b1722362}.Debug|Any CPU.Build.0 = Debug|Any CPU
		{48d15898-641e-fd9d-9931-0efc95e268be}.Debug|Any CPU.ActiveCfg = Debug|Any CPU
		{48d15898-641e-fd9d-9931-0efc95e268be}.Debug|Any CPU.Build.0 = Debug|Any CPU
		{10e69db0-aa33-12cd-d2de-d609072fa133}.Debug|Any CPU.ActiveCfg = Debug|Any CPU
		{10e69db0-aa33-12cd-d2de-d609072fa133}.Debug|Any CPU.Build.0 = Debug|Any CPU
		{39d4cb03-5865-b7fc-3dab-84fa7367e988}.Debug|Any CPU.ActiveCfg = Debug|Any CPU
		{39d4cb03-5865-b7fc-3dab-84fa7367e988}.Debug|Any CPU.Build.0 = Debug|Any CPU
		{086cb86d-3176-13b9-fce8-3ac1c8c80197}.Debug|Any CPU.ActiveCfg = Debug|Any CPU
		{086cb86d-3176-13b9-fce8-3ac1c8c80197}.Debug|Any CPU.Build.0 = Debug|Any CPU
		{349aee2d-8a9b-afc1-c4ea-3878f4fe29f0}.Debug|Any CPU.ActiveCfg = Debug|Any CPU
		{349aee2d-8a9b-afc1-c4ea-3878f4fe29f0}.Debug|Any CPU.Build.0 = Debug|Any CPU
		{63609de7-a3ed-3940-5f24-468bd923f52e}.Debug|Any CPU.ActiveCfg = Debug|Any CPU
		{63609de7-a3ed-3940-5f24-468bd923f52e}.Debug|Any CPU.Build.0 = Debug|Any CPU
		{b5243f56-cf7f-e263-f6cc-45ee9e23ca23}.Debug|Any CPU.ActiveCfg = Debug|Any CPU
		{b5243f56-cf7f-e263-f6cc-45ee9e23ca23}.Debug|Any CPU.Build.0 = Debug|Any CPU
		{270af20d-218c-763c-0981-958156836917}.Debug|Any CPU.ActiveCfg = Debug|Any CPU
		{270af20d-218c-763c-0981-958156836917}.Debug|Any CPU.Build.0 = Debug|Any CPU
		{0f95ab7d-75ec-509e-2384-9b198c1a2f40}.Debug|Any CPU.ActiveCfg = Debug|Any CPU
		{0f95ab7d-75ec-509e-2384-9b198c1a2f40}.Debug|Any CPU.Build.0 = Debug|Any CPU
		{bd3c7acb-78d4-021f-8424-0fb682b2cc86}.Debug|Any CPU.ActiveCfg = Debug|Any CPU
		{bd3c7acb-78d4-021f-8424-0fb682b2cc86}.Debug|Any CPU.Build.0 = Debug|Any CPU
		{015b924b-a7b2-2186-800b-a8bf5d671062}.Debug|Any CPU.ActiveCfg = Debug|Any CPU
		{015b924b-a7b2-2186-800b-a8bf5d671062}.Debug|Any CPU.Build.0 = Debug|Any CPU
		{4d238f26-af65-e7ee-565f-b5a6b1d861db}.Debug|Any CPU.ActiveCfg = Debug|Any CPU
		{4d238f26-af65-e7ee-565f-b5a6b1d861db}.Debug|Any CPU.Build.0 = Debug|Any CPU
		{6465897f-c291-e547-7eaa-4ce0631bb4a2}.Debug|Any CPU.ActiveCfg = Debug|Any CPU
		{6465897f-c291-e547-7eaa-4ce0631bb4a2}.Debug|Any CPU.Build.0 = Debug|Any CPU
	EndGlobalSection
	GlobalSection(SolutionProperties) = preSolution
		HideSolutionNode = FALSE
	EndGlobalSection
EndGlobal
